
Microsoft Visual Studio Solution File, Format Version 12.00
# Visual Studio Version 16
VisualStudioVersion = 16.0.30114.105
MinimumVisualStudioVersion = 10.0.40219.1
Project("{FAE04EC0-301F-11D3-BF4B-00C04F79EFBC}") = "SimpleAPI", "SimpleAPI\SimpleAPI.csproj", "{BF6DBFAE-AE01-45BA-9D75-10BBF205B3A3}"
EndProject
Project("{2150E333-8FDC-42A3-9474-1A3956D46DE8}") = "Test", "Test", "{52F86FD9-47A7-4F65-BD8F-B868ED8EF7B4}"
EndProject
Project("{FAE04EC0-301F-11D3-BF4B-00C04F79EFBC}") = "SimpleAPI.Tests", "Test\SimpleAPI.Tests\SimpleAPI.Tests.csproj", "{8463B7B1-224F-4FCB-B469-4558E40936AD}"
EndProject
Global
	GlobalSection(SolutionConfigurationPlatforms) = preSolution
		Debug|Any CPU = Debug|Any CPU
		Debug|x64 = Debug|x64
		Debug|x86 = Debug|x86
		Release|Any CPU = Release|Any CPU
		Release|x64 = Release|x64
		Release|x86 = Release|x86
	EndGlobalSection
	GlobalSection(SolutionProperties) = preSolution
		HideSolutionNode = FALSE
	EndGlobalSection
	GlobalSection(ProjectConfigurationPlatforms) = postSolution
		{BF6DBFAE-AE01-45BA-9D75-10BBF205B3A3}.Debug|Any CPU.ActiveCfg = Debug|Any CPU
		{BF6DBFAE-AE01-45BA-9D75-10BBF205B3A3}.Debug|Any CPU.Build.0 = Debug|Any CPU
		{BF6DBFAE-AE01-45BA-9D75-10BBF205B3A3}.Debug|x64.ActiveCfg = Debug|Any CPU
		{BF6DBFAE-AE01-45BA-9D75-10BBF205B3A3}.Debug|x64.Build.0 = Debug|Any CPU
		{BF6DBFAE-AE01-45BA-9D75-10BBF205B3A3}.Debug|x86.ActiveCfg = Debug|Any CPU
		{BF6DBFAE-AE01-45BA-9D75-10BBF205B3A3}.Debug|x86.Build.0 = Debug|Any CPU
		{BF6DBFAE-AE01-45BA-9D75-10BBF205B3A3}.Release|Any CPU.ActiveCfg = Release|Any CPU
		{BF6DBFAE-AE01-45BA-9D75-10BBF205B3A3}.Release|Any CPU.Build.0 = Release|Any CPU
		{BF6DBFAE-AE01-45BA-9D75-10BBF205B3A3}.Release|x64.ActiveCfg = Release|Any CPU
		{BF6DBFAE-AE01-45BA-9D75-10BBF205B3A3}.Release|x64.Build.0 = Release|Any CPU
		{BF6DBFAE-AE01-45BA-9D75-10BBF205B3A3}.Release|x86.ActiveCfg = Release|Any CPU
		{BF6DBFAE-AE01-45BA-9D75-10BBF205B3A3}.Release|x86.Build.0 = Release|Any CPU
		{8463B7B1-224F-4FCB-B469-4558E40936AD}.Debug|Any CPU.ActiveCfg = Debug|Any CPU
		{8463B7B1-224F-4FCB-B469-4558E40936AD}.Debug|Any CPU.Build.0 = Debug|Any CPU
		{8463B7B1-224F-4FCB-B469-4558E40936AD}.Debug|x64.ActiveCfg = Debug|Any CPU
		{8463B7B1-224F-4FCB-B469-4558E40936AD}.Debug|x64.Build.0 = Debug|Any CPU
		{8463B7B1-224F-4FCB-B469-4558E40936AD}.Debug|x86.ActiveCfg = Debug|Any CPU
		{8463B7B1-224F-4FCB-B469-4558E40936AD}.Debug|x86.Build.0 = Debug|Any CPU
		{8463B7B1-224F-4FCB-B469-4558E40936AD}.Release|Any CPU.ActiveCfg = Release|Any CPU
		{8463B7B1-224F-4FCB-B469-4558E40936AD}.Release|Any CPU.Build.0 = Release|Any CPU
		{8463B7B1-224F-4FCB-B469-4558E40936AD}.Release|x64.ActiveCfg = Release|Any CPU
		{8463B7B1-224F-4FCB-B469-4558E40936AD}.Release|x64.Build.0 = Release|Any CPU
		{8463B7B1-224F-4FCB-B469-4558E40936AD}.Release|x86.ActiveCfg = Release|Any CPU
		{8463B7B1-224F-4FCB-B469-4558E40936AD}.Release|x86.Build.0 = Release|Any CPU
	EndGlobalSection
	GlobalSection(NestedProjects) = preSolution
		{8463B7B1-224F-4FCB-B469-4558E40936AD} = {52F86FD9-47A7-4F65-BD8F-B868ED8EF7B4}
	EndGlobalSection
EndGlobal
